{
  "requires": true,
  "lockfileVersion": 1,
  "dependencies": {
    "react-hook-form": {
      "version": "6.13.1",
      "resolved": "https://registry.npmjs.org/react-hook-form/-/react-hook-form-6.13.1.tgz",
      "integrity": "sha512-Q0N7MYcbA8SigYufb02h9z97ZKCpIbe62rywOTPsK4Ntvh6fRTGDXSuzWuRhLHhArLoWbGrWYSNSS4tlb+OFXg=="
    }
  }
}
